{
  "name": "wasm-test",
  "version": "1.0.0",
  "lockfileVersion": 1,
  "requires": true,
  "dependencies": {
    "@assemblyscript/loader": {
      "version": "0.17.0",
      "resolved": "https://registry.npmjs.org/@assemblyscript/loader/-/loader-0.17.0.tgz",
      "integrity": "sha512-cRvJfwfzmWDg23kWblwEPt4Sw1SxVpYYNM5wTNkE423EFmDK7sDP/LkqbaibhgsJfMO9uP6csxAVH/dnDhJywA=="
    },
    "assemblyscript": {
      "version": "0.17.0",
      "resolved": "https://registry.npmjs.org/assemblyscript/-/assemblyscript-0.17.0.tgz",
      "integrity": "sha512-XHk/O25pUyX/XMvwiOVFJ/YAXrGCk6O090+KiDvVim9Ltl3s2+c5l4XGny1TrAa2Wf9nW44f0iEjgAwDfsct0Q==",
      "dev": true,
      "requires": {
        "binaryen": "98.0.0-nightly.20201025",
        "long": "^4.0.0"
      }
    },
    "binaryen": {
      "version": "98.0.0-nightly.20201025",
      "resolved": "https://registry.npmjs.org/binaryen/-/binaryen-98.0.0-nightly.20201025.tgz",
      "integrity": "sha512-jS6VMHF2mRKMBy79DhMDX+j1ph+TahHhLazkybvr90WkXBa80ydWgLTZLe3mxms1iOHJYqFv84TrKCrlFiwzjA==",
      "dev": true
    },
    "long": {
      "version": "4.0.0",
      "resolved": "https://registry.npmjs.org/long/-/long-4.0.0.tgz",
      "integrity": "sha512-XsP+KhQif4bjX1kbuSiySJFNAehNxgLb6hPRGJ9QsUr8ajHkuXGdrHmFUTUUXhDwVX2R5bY4JNZEwbUiMhV+MA==",
      "dev": true
    }
  }
}
